// !$*UTF8*$!
{
	archiveVersion = 1;
	classes = {
	};
	objectVersion = 46;
	objects = {

/* Begin PBXBuildFile section */
		D083E08A1611064D00858D62 /* UIKit.framework in Frameworks */ = {isa = PBXBuildFile; fileRef = D083E0891611064D00858D62 /* UIKit.framework */; };
		D083E08C1611064D00858D62 /* Foundation.framework in Frameworks */ = {isa = PBXBuildFile; fileRef = D083E08B1611064D00858D62 /* Foundation.framework */; };
		D083E08E1611064D00858D62 /* CoreGraphics.framework in Frameworks */ = {isa = PBXBuildFile; fileRef = D083E08D1611064D00858D62 /* CoreGraphics.framework */; };
		D083E0941611064D00858D62 /* InfoPlist.strings in Resources */ = {isa = PBXBuildFile; fileRef = D083E0921611064D00858D62 /* InfoPlist.strings */; };
		D083E0961611064D00858D62 /* main.m in Sources */ = {isa = PBXBuildFile; fileRef = D083E0951611064D00858D62 /* main.m */; };
		D083E09A1611064D00858D62 /* AppDelegate.m in Sources */ = {isa = PBXBuildFile; fileRef = D083E0991611064D00858D62 /* AppDelegate.m */; };
		D083E09C1611064D00858D62 /* Default.png in Resources */ = {isa = PBXBuildFile; fileRef = D083E09B1611064D00858D62 /* Default.png */; };
		D083E09E1611064D00858D62 /* Default@2x.png in Resources */ = {isa = PBXBuildFile; fileRef = D083E09D1611064D00858D62 /* Default@2x.png */; };
		D083E0A01611064D00858D62 /* Default-568h@2x.png in Resources */ = {isa = PBXBuildFile; fileRef = D083E09F1611064D00858D62 /* Default-568h@2x.png */; };
		D083E0A31611064D00858D62 /* ViewController.m in Sources */ = {isa = PBXBuildFile; fileRef = D083E0A21611064D00858D62 /* ViewController.m */; };
		D083E0A61611064D00858D62 /* ViewController.xib in Resources */ = {isa = PBXBuildFile; fileRef = D083E0A41611064D00858D62 /* ViewController.xib */; };
		D083E0AD1611081500858D62 /* libYTFKeyboardCorrector.a in Frameworks */ = {isa = PBXBuildFile; fileRef = D083E0AC1611081500858D62 /* libYTFKeyboardCorrector.a */; };
/* End PBXBuildFile section */

/* Begin PBXFileReference section */
		D083E0851611064D00858D62 /* Example.app */ = {isa = PBXFileReference; explicitFileType = wrapper.application; includeInIndex = 0; path = Example.app; sourceTree = BUILT_PRODUCTS_DIR; };
		D083E0891611064D00858D62 /* UIKit.framework */ = {isa = PBXFileReference; lastKnownFileType = wrapper.framework; name = UIKit.framework; path = System/Library/Frameworks/UIKit.framework; sourceTree = SDKROOT; };
		D083E08B1611064D00858D62 /* Foundation.framework */ = {isa = PBXFileReference; lastKnownFileType = wrapper.framework; name = Foundation.framework; path = System/Library/Frameworks/Foundation.framework; sourceTree = SDKROOT; };
		D083E08D1611064D00858D62 /* CoreGraphics.framework */ = {isa = PBXFileReference; lastKnownFileType = wrapper.framework; name = CoreGraphics.framework; path = System/Library/Frameworks/CoreGraphics.framework; sourceTree = SDKROOT; };
		D083E0911611064D00858D62 /* Example-Info.plist */ = {isa = PBXFileReference; lastKnownFileType = text.plist.xml; path = "Example-Info.plist"; sourceTree = "<group>"; };
		D083E0931611064D00858D62 /* en */ = {isa = PBXFileReference; lastKnownFileType = text.plist.strings; name = en; path = en.lproj/InfoPlist.strings; sourceTree = "<group>"; };
		D083E0951611064D00858D62 /* main.m */ = {isa = PBXFileReference; lastKnownFileType = sourcecode.c.objc; path = main.m; sourceTree = "<group>"; };
		D083E0971611064D00858D62 /* Example-Prefix.pch */ = {isa = PBXFileReference; lastKnownFileType = sourcecode.c.h; path = "Example-Prefix.pch"; sourceTree = "<group>"; };
		D083E0981611064D00858D62 /* AppDelegate.h */ = {isa = PBXFileReference; lastKnownFileType = sourcecode.c.h; path = AppDelegate.h; sourceTree = "<group>"; };
		D083E0991611064D00858D62 /* AppDelegate.m */ = {isa = PBXFileReference; lastKnownFileType = sourcecode.c.objc; path = AppDelegate.m; sourceTree = "<group>"; };
		D083E09B1611064D00858D62 /* Default.png */ = {isa = PBXFileReference; lastKnownFileType = image.png; path = Default.png; sourceTree = "<group>"; };
		D083E09D1611064D00858D62 /* Default@2x.png */ = {isa = PBXFileReference; lastKnownFileType = image.png; path = "Default@2x.png"; sourceTree = "<group>"; };
		D083E09F1611064D00858D62 /* Default-568h@2x.png */ = {isa = PBXFileReference; lastKnownFileType = image.png; path = "Default-568h@2x.png"; sourceTree = "<group>"; };
		D083E0A11611064D00858D62 /* ViewController.h */ = {isa = PBXFileReference; lastKnownFileType = sourcecode.c.h; path = ViewController.h; sourceTree = "<group>"; };
		D083E0A21611064D00858D62 /* ViewController.m */ = {isa = PBXFileReference; lastKnownFileType = sourcecode.c.objc; path = ViewController.m; sourceTree = "<group>"; };
		D083E0A51611064D00858D62 /* en */ = {isa = PBXFileReference; lastKnownFileType = file.xib; name = en; path = en.lproj/ViewController.xib; sourceTree = "<group>"; };
		D083E0AC1611081500858D62 /* libYTFKeyboardCorrector.a */ = {isa = PBXFileReference; lastKnownFileType = archive.ar; name = libYTFKeyboardCorrector.a; path = "../../../../Library/Developer/Xcode/DerivedData/YTFKeyboardCorrector-ennapxfeoenaalgeixwcwpzxvzad/Build/Products/Debug-iphoneos/libYTFKeyboardCorrector.a"; sourceTree = "<group>"; };
/* End PBXFileReference section */

/* Begin PBXFrameworksBuildPhase section */
		D083E0821611064D00858D62 /* Frameworks */ = {
			isa = PBXFrameworksBuildPhase;
			buildActionMask = 2147483647;
			files = (
				D083E0AD1611081500858D62 /* libYTFKeyboardCorrector.a in Frameworks */,
				D083E08A1611064D00858D62 /* UIKit.framework in Frameworks */,
				D083E08C1611064D00858D62 /* Foundation.framework in Frameworks */,
				D083E08E1611064D00858D62 /* CoreGraphics.framework in Frameworks */,
			);
			runOnlyForDeploymentPostprocessing = 0;
		};
/* End PBXFrameworksBuildPhase section */

/* Begin PBXGroup section */
		D083E07A1611064D00858D62 = {
			isa = PBXGroup;
			children = (
				D083E08F1611064D00858D62 /* Example */,
				D083E0881611064D00858D62 /* Frameworks */,
				D083E0861611064D00858D62 /* Products */,
			);
			sourceTree = "<group>";
		};
		D083E0861611064D00858D62 /* Products */ = {
			isa = PBXGroup;
			children = (
				D083E0851611064D00858D62 /* Example.app */,
			);
			name = Products;
			sourceTree = "<group>";
		};
		D083E0881611064D00858D62 /* Frameworks */ = {
			isa = PBXGroup;
			children = (
				D083E0AC1611081500858D62 /* libYTFKeyboardCorrector.a */,
				D083E0891611064D00858D62 /* UIKit.framework */,
				D083E08B1611064D00858D62 /* Foundation.framework */,
				D083E08D1611064D00858D62 /* CoreGraphics.framework */,
			);
			name = Frameworks;
			sourceTree = "<group>";
		};
		D083E08F1611064D00858D62 /* Example */ = {
			isa = PBXGroup;
			children = (
				D083E0981611064D00858D62 /* AppDelegate.h */,
				D083E0991611064D00858D62 /* AppDelegate.m */,
				D083E0A11611064D00858D62 /* ViewController.h */,
				D083E0A21611064D00858D62 /* ViewController.m */,
				D083E0A41611064D00858D62 /* ViewController.xib */,
				D083E0901611064D00858D62 /* Supporting Files */,
			);
			path = Example;
			sourceTree = "<group>";
		};
		D083E0901611064D00858D62 /* Supporting Files */ = {
			isa = PBXGroup;
			children = (
				D083E0911611064D00858D62 /* Example-Info.plist */,
				D083E0921611064D00858D62 /* InfoPlist.strings */,
				D083E0951611064D00858D62 /* main.m */,
				D083E0971611064D00858D62 /* Example-Prefix.pch */,
				D083E09B1611064D00858D62 /* Default.png */,
				D083E09D1611064D00858D62 /* Default@2x.png */,
				D083E09F1611064D00858D62 /* Default-568h@2x.png */,
			);
			name = "Supporting Files";
			sourceTree = "<group>";
		};
/* End PBXGroup section */

/* Begin PBXNativeTarget section */
		D083E0841611064D00858D62 /* Example */ = {
			isa = PBXNativeTarget;
			buildConfigurationList = D083E0A91611064D00858D62 /* Build configuration list for PBXNativeTarget "Example" */;
			buildPhases = (
				D083E0811611064D00858D62 /* Sources */,
				D083E0821611064D00858D62 /* Frameworks */,
				D083E0831611064D00858D62 /* Resources */,
			);
			buildRules = (
			);
			dependencies = (
			);
			name = Example;
			productName = Example;
			productReference = D083E0851611064D00858D62 /* Example.app */;
			productType = "com.apple.product-type.application";
		};
/* End PBXNativeTarget section */

/* Begin PBXProject section */
		D083E07C1611064D00858D62 /* Project object */ = {
			isa = PBXProject;
			attributes = {
				LastUpgradeCheck = 0450;
			};
			buildConfigurationList = D083E07F1611064D00858D62 /* Build configuration list for PBXProject "Example" */;
			compatibilityVersion = "Xcode 3.2";
			developmentRegion = English;
			hasScannedForEncodings = 0;
			knownRegions = (
				en,
			);
			mainGroup = D083E07A1611064D00858D62;
			productRefGroup = D083E0861611064D00858D62 /* Products */;
			projectDirPath = "";
			projectRoot = "";
			targets = (
				D083E0841611064D00858D62 /* Example */,
			);
		};
/* End PBXProject section */

/* Begin PBXResourcesBuildPhase section */
		D083E0831611064D00858D62 /* Resources */ = {
			isa = PBXResourcesBuildPhase;
			buildActionMask = 2147483647;
			files = (
				D083E0941611064D00858D62 /* InfoPlist.strings in Resources */,
				D083E09C1611064D00858D62 /* Default.png in Resources */,
				D083E09E1611064D00858D62 /* Default@2x.png in Resources */,
				D083E0A01611064D00858D62 /* Default-568h@2x.png in Resources */,
				D083E0A61611064D00858D62 /* ViewController.xib in Resources */,
			);
			runOnlyForDeploymentPostprocessing = 0;
		};
/* End PBXResourcesBuildPhase section */

/* Begin PBXSourcesBuildPhase section */
		D083E0811611064D00858D62 /* Sources */ = {
			isa = PBXSourcesBuildPhase;
			buildActionMask = 2147483647;
			files = (
				D083E0961611064D00858D62 /* main.m in Sources */,
				D083E09A1611064D00858D62 /* AppDelegate.m in Sources */,
				D083E0A31611064D00858D62 /* ViewController.m in Sources */,
			);
			runOnlyForDeploymentPostprocessing = 0;
		};
/* End PBXSourcesBuildPhase section */

/* Begin PBXVariantGroup section */
		D083E0921611064D00858D62 /* InfoPlist.strings */ = {
			isa = PBXVariantGroup;
			children = (
				D083E0931611064D00858D62 /* en */,
			);
			name = InfoPlist.strings;
			sourceTree = "<group>";
		};
		D083E0A41611064D00858D62 /* ViewController.xib */ = {
			isa = PBXVariantGroup;
			children = (
				D083E0A51611064D00858D62 /* en */,
			);
			name = ViewController.xib;
			sourceTree = "<group>";
		};
/* End PBXVariantGroup section */

/* Begin XCBuildConfiguration section */
		D083E0A71611064D00858D62 /* Debug */ = {
			isa = XCBuildConfiguration;
			buildSettings = {
				ALWAYS_SEARCH_USER_PATHS = NO;
				CLANG_CXX_LANGUAGE_STANDARD = "gnu++0x";
				CLANG_CXX_LIBRARY = "libc++";
				CLANG_WARN_EMPTY_BODY = YES;
				CLANG_WARN__DUPLICATE_METHOD_MATCH = YES;
				"CODE_SIGN_IDENTITY[sdk=iphoneos*]" = "iPhone Developer";
				COPY_PHASE_STRIP = NO;
				GCC_C_LANGUAGE_STANDARD = gnu99;
				GCC_DYNAMIC_NO_PIC = NO;
				GCC_OPTIMIZATION_LEVEL = 0;
				GCC_PREPROCESSOR_DEFINITIONS = (
					"DEBUG=1",
					"$(inherited)",
				);
				GCC_SYMBOLS_PRIVATE_EXTERN = NO;
				GCC_WARN_ABOUT_RETURN_TYPE = YES;
				GCC_WARN_UNINITIALIZED_AUTOS = YES;
				GCC_WARN_UNUSED_VARIABLE = YES;
				IPHONEOS_DEPLOYMENT_TARGET = 6.0;
				SDKROOT = iphoneos;
			};
			name = Debug;
		};
		D083E0A81611064D00858D62 /* Release */ = {
			isa = XCBuildConfiguration;
			buildSettings = {
				ALWAYS_SEARCH_USER_PATHS = NO;
				CLANG_CXX_LANGUAGE_STANDARD = "gnu++0x";
				CLANG_CXX_LIBRARY = "libc++";
				CLANG_WARN_EMPTY_BODY = YES;
				CLANG_WARN__DUPLICATE_METHOD_MATCH = YES;
				"CODE_SIGN_IDENTITY[sdk=iphoneos*]" = "iPhone Developer";
				COPY_PHASE_STRIP = YES;
				GCC_C_LANGUAGE_STANDARD = gnu99;
				GCC_WARN_ABOUT_RETURN_TYPE = YES;
				GCC_WARN_UNINITIALIZED_AUTOS = YES;
				GCC_WARN_UNUSED_VARIABLE = YES;
				IPHONEOS_DEPLOYMENT_TARGET = 6.0;
				OTHER_CFLAGS = "-DNS_BLOCK_ASSERTIONS=1";
				SDKROOT = iphoneos;
				VALIDATE_PRODUCT = YES;
			};
			name = Release;
		};
		D083E0AA1611064D00858D62 /* Debug */ = {
			isa = XCBuildConfiguration;
			buildSettings = {
				GCC_PRECOMPILE_PREFIX_HEADER = YES;
				GCC_PREFIX_HEADER = "Example/Example-Prefix.pch";
				INFOPLIST_FILE = "Example/Example-Info.plist";
				LIBRARY_SEARCH_PATHS = (
					"$(inherited)",
					"\"$(SRCROOT)/../../../../Library/Developer/Xcode/DerivedData/YTFKeyboardCorrector-ennapxfeoenaalgeixwcwpzxvzad/Build/Products/Debug-iphoneos\"",
				);
				PRODUCT_NAME = "$(TARGET_NAME)";
				WRAPPER_EXTENSION = app;
			};
			name = Debug;
		};
		D083E0AB1611064D00858D62 /* Release */ = {
			isa = XCBuildConfiguration;
			buildSettings = {
				GCC_PRECOMPILE_PREFIX_HEADER = YES;
				GCC_PREFIX_HEADER = "Example/Example-Prefix.pch";
				INFOPLIST_FILE = "Example/Example-Info.plist";
				LIBRARY_SEARCH_PATHS = (
					"$(inherited)",
					"\"$(SRCROOT)/../../../../Library/Developer/Xcode/DerivedData/YTFKeyboardCorrector-ennapxfeoenaalgeixwcwpzxvzad/Build/Products/Debug-iphoneos\"",
				);
				PRODUCT_NAME = "$(TARGET_NAME)";
				WRAPPER_EXTENSION = app;
			};
			name = Release;
		};
/* End XCBuildConfiguration section */

/* Begin XCConfigurationList section */
		D083E07F1611064D00858D62 /* Build configuration list for PBXProject "Example" */ = {
			isa = XCConfigurationList;
			buildConfigurations = (
				D083E0A71611064D00858D62 /* Debug */,
				D083E0A81611064D00858D62 /* Release */,
			);
			defaultConfigurationIsVisible = 0;
			defaultConfigurationName = Release;
		};
		D083E0A91611064D00858D62 /* Build configuration list for PBXNativeTarget "Example" */ = {
			isa = XCConfigurationList;
			buildConfigurations = (
				D083E0AA1611064D00858D62 /* Debug */,
				D083E0AB1611064D00858D62 /* Release */,
			);
			defaultConfigurationIsVisible = 0;
		};
/* End XCConfigurationList section */
	};
	rootObject = D083E07C1611064D00858D62 /* Project object */;
}
