// !$*UTF8*$!
{
	archiveVersion = 1;
	classes = {
	};
	objectVersion = 46;
	objects = {

/* Begin PBXBuildFile section */
		D083E06B1611020800858D62 /* Foundation.framework in Frameworks */ = {isa = PBXBuildFile; fileRef = D083E06A1611020800858D62 /* Foundation.framework */; };
		D083E0701611020800858D62 /* YTFKeyboardCorrector.h in CopyFiles */ = {isa = PBXBuildFile; fileRef = D083E06F1611020800858D62 /* YTFKeyboardCorrector.h */; };
		D083E0721611020800858D62 /* YTFKeyboardCorrector.m in Sources */ = {isa = PBXBuildFile; fileRef = D083E0711611020800858D62 /* YTFKeyboardCorrector.m */; };
		D083E0791611037400858D62 /* UIKit.framework in Frameworks */ = {isa = PBXBuildFile; fileRef = D083E0781611037400858D62 /* UIKit.framework */; };
/* End PBXBuildFile section */

/* Begin PBXCopyFilesBuildPhase section */
		D083E0651611020800858D62 /* CopyFiles */ = {
			isa = PBXCopyFilesBuildPhase;
			buildActionMask = 2147483647;
			dstPath = "include/${PRODUCT_NAME}";
			dstSubfolderSpec = 16;
			files = (
				D083E0701611020800858D62 /* YTFKeyboardCorrector.h in CopyFiles */,
			);
			runOnlyForDeploymentPostprocessing = 0;
		};
/* End PBXCopyFilesBuildPhase section */

/* Begin PBXFileReference section */
		D083E0671611020800858D62 /* libYTFKeyboardCorrector.a */ = {isa = PBXFileReference; explicitFileType = archive.ar; includeInIndex = 0; path = libYTFKeyboardCorrector.a; sourceTree = BUILT_PRODUCTS_DIR; };
		D083E06A1611020800858D62 /* Foundation.framework */ = {isa = PBXFileReference; lastKnownFileType = wrapper.framework; name = Foundation.framework; path = System/Library/Frameworks/Foundation.framework; sourceTree = SDKROOT; };
		D083E06E1611020800858D62 /* YTFKeyboardCorrector-Prefix.pch */ = {isa = PBXFileReference; lastKnownFileType = sourcecode.c.h; path = "YTFKeyboardCorrector-Prefix.pch"; sourceTree = "<group>"; };
		D083E06F1611020800858D62 /* YTFKeyboardCorrector.h */ = {isa = PBXFileReference; lastKnownFileType = sourcecode.c.h; path = YTFKeyboardCorrector.h; sourceTree = "<group>"; };
		D083E0711611020800858D62 /* YTFKeyboardCorrector.m */ = {isa = PBXFileReference; lastKnownFileType = sourcecode.c.objc; path = YTFKeyboardCorrector.m; sourceTree = "<group>"; };
		D083E0781611037400858D62 /* UIKit.framework */ = {isa = PBXFileReference; lastKnownFileType = wrapper.framework; name = UIKit.framework; path = System/Library/Frameworks/UIKit.framework; sourceTree = SDKROOT; };
/* End PBXFileReference section */

/* Begin PBXFrameworksBuildPhase section */
		D083E0641611020800858D62 /* Frameworks */ = {
			isa = PBXFrameworksBuildPhase;
			buildActionMask = 2147483647;
			files = (
				D083E0791611037400858D62 /* UIKit.framework in Frameworks */,
				D083E06B1611020800858D62 /* Foundation.framework in Frameworks */,
			);
			runOnlyForDeploymentPostprocessing = 0;
		};
/* End PBXFrameworksBuildPhase section */

/* Begin PBXGroup section */
		D083E05C1611020800858D62 = {
			isa = PBXGroup;
			children = (
				D083E06C1611020800858D62 /* YTFKeyboardCorrector */,
				D083E0691611020800858D62 /* Frameworks */,
				D083E0681611020800858D62 /* Products */,
			);
			sourceTree = "<group>";
		};
		D083E0681611020800858D62 /* Products */ = {
			isa = PBXGroup;
			children = (
				D083E0671611020800858D62 /* libYTFKeyboardCorrector.a */,
			);
			name = Products;
			sourceTree = "<group>";
		};
		D083E0691611020800858D62 /* Frameworks */ = {
			isa = PBXGroup;
			children = (
				D083E0781611037400858D62 /* UIKit.framework */,
				D083E06A1611020800858D62 /* Foundation.framework */,
			);
			name = Frameworks;
			sourceTree = "<group>";
		};
		D083E06C1611020800858D62 /* YTFKeyboardCorrector */ = {
			isa = PBXGroup;
			children = (
				D083E06F1611020800858D62 /* YTFKeyboardCorrector.h */,
				D083E0711611020800858D62 /* YTFKeyboardCorrector.m */,
				D083E06D1611020800858D62 /* Supporting Files */,
			);
			path = YTFKeyboardCorrector;
			sourceTree = "<group>";
		};
		D083E06D1611020800858D62 /* Supporting Files */ = {
			isa = PBXGroup;
			children = (
				D083E06E1611020800858D62 /* YTFKeyboardCorrector-Prefix.pch */,
			);
			name = "Supporting Files";
			sourceTree = "<group>";
		};
/* End PBXGroup section */

/* Begin PBXNativeTarget section */
		D083E0661611020800858D62 /* YTFKeyboardCorrector */ = {
			isa = PBXNativeTarget;
			buildConfigurationList = D083E0751611020800858D62 /* Build configuration list for PBXNativeTarget "YTFKeyboardCorrector" */;
			buildPhases = (
				D083E0631611020800858D62 /* Sources */,
				D083E0641611020800858D62 /* Frameworks */,
				D083E0651611020800858D62 /* CopyFiles */,
			);
			buildRules = (
			);
			dependencies = (
			);
			name = YTFKeyboardCorrector;
			productName = YTFKeyboardCorrector;
			productReference = D083E0671611020800858D62 /* libYTFKeyboardCorrector.a */;
			productType = "com.apple.product-type.library.static";
		};
/* End PBXNativeTarget section */

/* Begin PBXProject section */
		D083E05E1611020800858D62 /* Project object */ = {
			isa = PBXProject;
			attributes = {
				LastUpgradeCheck = 0450;
			};
			buildConfigurationList = D083E0611611020800858D62 /* Build configuration list for PBXProject "YTFKeyboardCorrector" */;
			compatibilityVersion = "Xcode 3.2";
			developmentRegion = English;
			hasScannedForEncodings = 0;
			knownRegions = (
				en,
			);
			mainGroup = D083E05C1611020800858D62;
			productRefGroup = D083E0681611020800858D62 /* Products */;
			projectDirPath = "";
			projectRoot = "";
			targets = (
				D083E0661611020800858D62 /* YTFKeyboardCorrector */,
			);
		};
/* End PBXProject section */

/* Begin PBXSourcesBuildPhase section */
		D083E0631611020800858D62 /* Sources */ = {
			isa = PBXSourcesBuildPhase;
			buildActionMask = 2147483647;
			files = (
				D083E0721611020800858D62 /* YTFKeyboardCorrector.m in Sources */,
			);
			runOnlyForDeploymentPostprocessing = 0;
		};
/* End PBXSourcesBuildPhase section */

/* Begin XCBuildConfiguration section */
		D083E0731611020800858D62 /* Debug */ = {
			isa = XCBuildConfiguration;
			buildSettings = {
				ALWAYS_SEARCH_USER_PATHS = NO;
				CLANG_CXX_LANGUAGE_STANDARD = "gnu++0x";
				CLANG_CXX_LIBRARY = "libc++";
				CLANG_WARN_EMPTY_BODY = YES;
				CLANG_WARN__DUPLICATE_METHOD_MATCH = YES;
				COPY_PHASE_STRIP = NO;
				GCC_C_LANGUAGE_STANDARD = gnu99;
				GCC_DYNAMIC_NO_PIC = NO;
				GCC_OPTIMIZATION_LEVEL = 0;
				GCC_PREPROCESSOR_DEFINITIONS = (
					"DEBUG=1",
					"$(inherited)",
				);
				GCC_SYMBOLS_PRIVATE_EXTERN = NO;
				GCC_WARN_ABOUT_RETURN_TYPE = YES;
				GCC_WARN_UNINITIALIZED_AUTOS = YES;
				GCC_WARN_UNUSED_VARIABLE = YES;
				IPHONEOS_DEPLOYMENT_TARGET = 4.3;
				SDKROOT = iphoneos;
			};
			name = Debug;
		};
		D083E0741611020800858D62 /* Release */ = {
			isa = XCBuildConfiguration;
			buildSettings = {
				ALWAYS_SEARCH_USER_PATHS = NO;
				CLANG_CXX_LANGUAGE_STANDARD = "gnu++0x";
				CLANG_CXX_LIBRARY = "libc++";
				CLANG_WARN_EMPTY_BODY = YES;
				CLANG_WARN__DUPLICATE_METHOD_MATCH = YES;
				COPY_PHASE_STRIP = YES;
				GCC_C_LANGUAGE_STANDARD = gnu99;
				GCC_WARN_ABOUT_RETURN_TYPE = YES;
				GCC_WARN_UNINITIALIZED_AUTOS = YES;
				GCC_WARN_UNUSED_VARIABLE = YES;
				IPHONEOS_DEPLOYMENT_TARGET = 4.3;
				SDKROOT = iphoneos;
				VALIDATE_PRODUCT = YES;
			};
			name = Release;
		};
		D083E0761611020800858D62 /* Debug */ = {
			isa = XCBuildConfiguration;
			buildSettings = {
				DSTROOT = /tmp/YTFKeyboardCorrector.dst;
				GCC_PRECOMPILE_PREFIX_HEADER = YES;
				GCC_PREFIX_HEADER = "YTFKeyboardCorrector/YTFKeyboardCorrector-Prefix.pch";
				OTHER_LDFLAGS = "-ObjC";
				PRODUCT_NAME = "$(TARGET_NAME)";
				SKIP_INSTALL = YES;
			};
			name = Debug;
		};
		D083E0771611020800858D62 /* Release */ = {
			isa = XCBuildConfiguration;
			buildSettings = {
				DSTROOT = /tmp/YTFKeyboardCorrector.dst;
				GCC_PRECOMPILE_PREFIX_HEADER = YES;
				GCC_PREFIX_HEADER = "YTFKeyboardCorrector/YTFKeyboardCorrector-Prefix.pch";
				OTHER_LDFLAGS = "-ObjC";
				PRODUCT_NAME = "$(TARGET_NAME)";
				SKIP_INSTALL = YES;
			};
			name = Release;
		};
/* End XCBuildConfiguration section */

/* Begin XCConfigurationList section */
		D083E0611611020800858D62 /* Build configuration list for PBXProject "YTFKeyboardCorrector" */ = {
			isa = XCConfigurationList;
			buildConfigurations = (
				D083E0731611020800858D62 /* Debug */,
				D083E0741611020800858D62 /* Release */,
			);
			defaultConfigurationIsVisible = 0;
			defaultConfigurationName = Release;
		};
		D083E0751611020800858D62 /* Build configuration list for PBXNativeTarget "YTFKeyboardCorrector" */ = {
			isa = XCConfigurationList;
			buildConfigurations = (
				D083E0761611020800858D62 /* Debug */,
				D083E0771611020800858D62 /* Release */,
			);
			defaultConfigurationIsVisible = 0;
		};
/* End XCConfigurationList section */
	};
	rootObject = D083E05E1611020800858D62 /* Project object */;
}
